
Microsoft Visual Studio Solution File, Format Version 12.00
# Visual Studio 15
VisualStudioVersion = 15.0.28307.1082
MinimumVisualStudioVersion = 10.0.40219.1
Project("{FAE04EC0-301F-11D3-BF4B-00C04F79EFBC}") = "RemoteProcessesInformation", "RemoteProcessesInformation\RemoteProcessesInformation.csproj", "{F3A82F0C-FCD4-45E4-9202-025C50273FCF}"
EndProject
Project("{FAE04EC0-301F-11D3-BF4B-00C04F79EFBC}") = "RemoteProcessesInformationHost", "RemoteProcessesInformationHost\RemoteProcessesInformationHost.csproj", "{9E2D460A-17A6-4256-ACCE-B5D6CF690CC9}"
EndProject
Project("{FAE04EC0-301F-11D3-BF4B-00C04F79EFBC}") = "RemoteProcessesInformationClient", "RemoteProcessesInformationClient\RemoteProcessesInformationClient.csproj", "{EAC39106-6412-4C00-8902-AE6E034BA868}"
EndProject
Global
	GlobalSection(SolutionConfigurationPlatforms) = preSolution
		Debug|Any CPU = Debug|Any CPU
		Release|Any CPU = Release|Any CPU
	EndGlobalSection
	GlobalSection(ProjectConfigurationPlatforms) = postSolution
		{F3A82F0C-FCD4-45E4-9202-025C50273FCF}.Debug|Any CPU.ActiveCfg = Debug|Any CPU
		{F3A82F0C-FCD4-45E4-9202-025C50273FCF}.Debug|Any CPU.Build.0 = Debug|Any CPU
		{F3A82F0C-FCD4-45E4-9202-025C50273FCF}.Release|Any CPU.ActiveCfg = Release|Any CPU
		{F3A82F0C-FCD4-45E4-9202-025C50273FCF}.Release|Any CPU.Build.0 = Release|Any CPU
		{9E2D460A-17A6-4256-ACCE-B5D6CF690CC9}.Debug|Any CPU.ActiveCfg = Debug|Any CPU
		{9E2D460A-17A6-4256-ACCE-B5D6CF690CC9}.Debug|Any CPU.Build.0 = Debug|Any CPU
		{9E2D460A-17A6-4256-ACCE-B5D6CF690CC9}.Release|Any CPU.ActiveCfg = Release|Any CPU
		{9E2D460A-17A6-4256-ACCE-B5D6CF690CC9}.Release|Any CPU.Build.0 = Release|Any CPU
		{EAC39106-6412-4C00-8902-AE6E034BA868}.Debug|Any CPU.ActiveCfg = Debug|Any CPU
		{EAC39106-6412-4C00-8902-AE6E034BA868}.Debug|Any CPU.Build.0 = Debug|Any CPU
		{EAC39106-6412-4C00-8902-AE6E034BA868}.Release|Any CPU.ActiveCfg = Release|Any CPU
		{EAC39106-6412-4C00-8902-AE6E034BA868}.Release|Any CPU.Build.0 = Release|Any CPU
	EndGlobalSection
	GlobalSection(SolutionProperties) = preSolution
		HideSolutionNode = FALSE
	EndGlobalSection
	GlobalSection(ExtensibilityGlobals) = postSolution
		SolutionGuid = {4C98EE0F-0F3B-476F-814C-607FEA99A0FE}
	EndGlobalSection
EndGlobal
